
Microsoft Visual Studio Solution File, Format Version 12.00
# Visual Studio Version 17
VisualStudioVersion = 17.12.35707.178
MinimumVisualStudioVersion = 10.0.40219.1
Project("{FAE04EC0-301F-11D3-BF4B-00C04F79EFBC}") = "Restaurante_SoftGourmet", "Restaurante_SoftGourmet.csproj", "{62FBBD01-AF19-4620-9DF8-5967F80E7629}"
EndProject
Global
	GlobalSection(SolutionConfigurationPlatforms) = preSolution
		Debug|Any CPU = Debug|Any CPU
		Release|Any CPU = Release|Any CPU
	EndGlobalSection
	GlobalSection(ProjectConfigurationPlatforms) = postSolution
		{62FBBD01-AF19-4620-9DF8-5967F80E7629}.Debug|Any CPU.ActiveCfg = Debug|Any CPU
		{62FBBD01-AF19-4620-9DF8-5967F80E7629}.Debug|Any CPU.Build.0 = Debug|Any CPU
		{62FBBD01-AF19-4620-9DF8-5967F80E7629}.Release|Any CPU.ActiveCfg = Release|Any CPU
		{62FBBD01-AF19-4620-9DF8-5967F80E7629}.Release|Any CPU.Build.0 = Release|Any CPU
	EndGlobalSection
	GlobalSection(SolutionProperties) = preSolution
		HideSolutionNode = FALSE
	EndGlobalSection
EndGlobal
